<?xml version="1.0" encoding="utf-8"?>
<Project ToolsVersion="4.0" xmlns="http://schemas.microsoft.com/developer/msbuild/2003">
  <ItemGroup>
    <Filter Include="VisualGDB settings">
      <UniqueIdentifier>{17ec2dde-ac97-4a6e-ab9c-6d892678b9fc}</UniqueIdentifier>
      <Extensions>vgdbsettings</Extensions>
    </Filter>
    <Filter Include="src">
      <UniqueIdentifier>{a8130335-154a-4ecb-8a41-3d68b7b0c359}</UniqueIdentifier>
    </Filter>
    <Filter Include="src\common">
      <UniqueIdentifier>{87ed3809-242b-4f4f-b7a8-51916ae46e30}</UniqueIdentifier>
    </Filter>
    <Filter Include="src\endpoint">
      <UniqueIdentifier>{789ea3d3-b080-429e-8b29-fbf58541b82d}</UniqueIdentifier>
    </Filter>
    <Filter Include="src\endpoint\processes">
      <UniqueIdentifier>{ca144b37-910e-49cf-9de9-02d0b2dbf500}</UniqueIdentifier>
    </Filter>
    <Filter Include="src\hardware">
      <UniqueIdentifier>{2d2ed480-e51f-4f18-a9cd-07af8215f2b6}</UniqueIdentifier>
    </Filter>
    <Filter Include="src\interfaces">
      <UniqueIdentifier>{d05e7ff2-edaf-413d-9fa5-0fb632ee10a7}</UniqueIdentifier>
    </Filter>
    <Filter Include="src\mesh">
      <UniqueIdentifier>{d748ccb4-2460-4d25-981b-5cc9385e94ea}</UniqueIdentifier>
    </Filter>
    <Filter Include="src\network">
      <UniqueIdentifier>{802291b6-d6ce-4b0d-9722-fa05a1e3ca9d}</UniqueIdentifier>
    </Filter>
    <Filter Include="src\network\connections">
      <UniqueIdentifier>{80a9cb3f-1d31-474d-bbe8-0453cc1a32b7}</UniqueIdentifier>
    </Filter>
    <Filter Include="src\network\frame">
      <UniqueIdentifier>{e02707a8-7002-428d-bb9b-39faccbe47ec}</UniqueIdentifier>
    </Filter>
    <Filter Include="src\network\messaging">
      <UniqueIdentifier>{06204ee7-fb8b-4cc6-b97d-e43d6e5cd89d}</UniqueIdentifier>
    </Filter>
    <Filter Include="src\network\path">
      <UniqueIdentifier>{e7141d1d-989c-4d5d-957e-c09fb062ce0b}</UniqueIdentifier>
    </Filter>
    <Filter Include="src\network\processes">
      <UniqueIdentifier>{66ae928f-391d-44b7-8479-85c766390115}</UniqueIdentifier>
    </Filter>
    <Filter Include="src\network\queue">
      <UniqueIdentifier>{651af86d-ac04-4a91-a0b4-abe00a829134}</UniqueIdentifier>
    </Filter>
    <Filter Include="src\physical">
      <UniqueIdentifier>{54b37fe3-6af2-4cac-9cc7-4b3884509b76}</UniqueIdentifier>
    </Filter>
    <Filter Include="src\physical\simulator">
      <UniqueIdentifier>{1d7da8a2-9cba-475b-9b27-5fe1b9c838cb}</UniqueIdentifier>
    </Filter>
    <Filter Include="src\simulator">
      <UniqueIdentifier>{73900d2c-a5cc-4870-ab1d-c58d920cfcaf}</UniqueIdentifier>
    </Filter>
  </ItemGroup>
  <ItemGroup>
    <Xml Include="stm32.xml">
      <Filter>VisualGDB settings</Filter>
    </Xml>
    <ClCompile Include="..\..\..\src\common\conversion.cpp">
      <Filter>src\common</Filter>
    </ClCompile>
    <ClCompile Include="..\..\..\src\common\utility.cpp">
      <Filter>src\common</Filter>
    </ClCompile>
    <ClInclude Include="..\..\..\src\common\conversion.hpp">
      <Filter>src\common</Filter>
    </ClInclude>
    <ClInclude Include="..\..\..\src\common\definitions.hpp">
      <Filter>src\common</Filter>
    </ClInclude>
    <ClInclude Include="..\..\..\src\common\types.hpp">
      <Filter>src\common</Filter>
    </ClInclude>
    <ClInclude Include="..\..\..\src\common\utility.hpp">
      <Filter>src\common</Filter>
    </ClInclude>
    <ClInclude Include="..\..\..\src\common\version.hpp">
      <Filter>src\common</Filter>
    </ClInclude>
    <ClCompile Include="..\..\..\src\endpoint\endpoint.cpp">
      <Filter>src\endpoint</Filter>
    </ClCompile>
    <ClCompile Include="..\..\..\src\endpoint\endpoint_factory.cpp">
      <Filter>src\endpoint</Filter>
    </ClCompile>
    <ClCompile Include="..\..\..\src\endpoint\node.cpp">
      <Filter>src\endpoint</Filter>
    </ClCompile>
    <ClInclude Include="..\..\..\src\endpoint\config.hpp">
      <Filter>src\endpoint</Filter>
    </ClInclude>
    <ClInclude Include="..\..\..\src\endpoint\endpoint.hpp">
      <Filter>src\endpoint</Filter>
    </ClInclude>
    <ClInclude Include="..\..\..\src\endpoint\endpoint_factory.hpp">
      <Filter>src\endpoint</Filter>
    </ClInclude>
    <ClInclude Include="..\..\..\src\endpoint\fwd.hpp">
      <Filter>src\endpoint</Filter>
    </ClInclude>
    <ClInclude Include="..\..\..\src\endpoint\node.hpp">
      <Filter>src\endpoint</Filter>
    </ClInclude>
    <ClInclude Include="..\..\..\src\endpoint\types.hpp">
      <Filter>src\endpoint</Filter>
    </ClInclude>
    <ClCompile Include="..\..\..\src\endpoint\processes\rf24_endpoint_connection.cpp">
      <Filter>src\endpoint\processes</Filter>
    </ClCompile>
    <ClCompile Include="..\..\..\src\endpoint\processes\rf24_endpoint_ping.cpp">
      <Filter>src\endpoint\processes</Filter>
    </ClCompile>
    <ClCompile Include="..\..\..\src\endpoint\processes\rf24_endpoint_write.cpp">
      <Filter>src\endpoint\processes</Filter>
    </ClCompile>
    <ClInclude Include="..\..\..\src\endpoint\processes\rf24_endpoint_connection.hpp">
      <Filter>src\endpoint\processes</Filter>
    </ClInclude>
    <ClInclude Include="..\..\..\src\endpoint\processes\rf24_endpoint_ping.hpp">
      <Filter>src\endpoint\processes</Filter>
    </ClInclude>
    <ClInclude Include="..\..\..\src\endpoint\processes\rf24_endpoint_write.hpp">
      <Filter>src\endpoint\processes</Filter>
    </ClInclude>
    <ClCompile Include="..\..\..\src\hardware\driver.cpp">
      <Filter>src\hardware</Filter>
    </ClCompile>
    <ClInclude Include="..\..\..\src\hardware\definitions.hpp">
      <Filter>src\hardware</Filter>
    </ClInclude>
    <ClInclude Include="..\..\..\src\hardware\driver.hpp">
      <Filter>src\hardware</Filter>
    </ClInclude>
    <ClInclude Include="..\..\..\src\hardware\register.hpp">
      <Filter>src\hardware</Filter>
    </ClInclude>
    <ClInclude Include="..\..\..\src\hardware\types.hpp">
      <Filter>src\hardware</Filter>
    </ClInclude>
    <ClCompile Include="..\..\..\src\interfaces\endpoint_intf.cpp">
      <Filter>src\interfaces</Filter>
    </ClCompile>
    <ClInclude Include="..\..\..\src\interfaces\endpoint_intf.hpp">
      <Filter>src\interfaces</Filter>
    </ClInclude>
    <ClInclude Include="..\..\..\src\interfaces\network_intf.hpp">
      <Filter>src\interfaces</Filter>
    </ClInclude>
    <ClInclude Include="..\..\..\src\interfaces\physical_intf.hpp">
      <Filter>src\interfaces</Filter>
    </ClInclude>
    <ClCompile Include="..\..\..\src\mesh\mesh.cpp">
      <Filter>src\mesh</Filter>
    </ClCompile>
    <ClInclude Include="..\..\..\src\mesh\definitions.hpp">
      <Filter>src\mesh</Filter>
    </ClInclude>
    <ClInclude Include="..\..\..\src\mesh\mesh.hpp">
      <Filter>src\mesh</Filter>
    </ClInclude>
    <ClCompile Include="..\..\..\src\network\network.cpp">
      <Filter>src\network</Filter>
    </ClCompile>
    <ClInclude Include="..\..\..\src\network\definitions.hpp">
      <Filter>src\network</Filter>
    </ClInclude>
    <ClInclude Include="..\..\..\src\network\network.hpp">
      <Filter>src\network</Filter>
    </ClInclude>
    <ClInclude Include="..\..\..\src\network\types.hpp">
      <Filter>src\network</Filter>
    </ClInclude>
    <ClCompile Include="..\..\..\src\network\connections\rf24_network_route_table.cpp">
      <Filter>src\network\connections</Filter>
    </ClCompile>
    <ClInclude Include="..\..\..\src\network\connections\rf24_network_route_table.hpp">
      <Filter>src\network\connections</Filter>
    </ClInclude>
    <ClCompile Include="..\..\..\src\network\frame\frame.cpp">
      <Filter>src\network\frame</Filter>
    </ClCompile>
    <ClInclude Include="..\..\..\src\network\frame\definitions.hpp">
      <Filter>src\network\frame</Filter>
    </ClInclude>
    <ClInclude Include="..\..\..\src\network\frame\frame.hpp">
      <Filter>src\network\frame</Filter>
    </ClInclude>
    <ClInclude Include="..\..\..\src\network\frame\types.hpp">
      <Filter>src\network\frame</Filter>
    </ClInclude>
    <ClCompile Include="..\..\..\src\network\messaging\rf24_net_msg.cpp">
      <Filter>src\network\messaging</Filter>
    </ClCompile>
    <ClCompile Include="..\..\..\src\network\messaging\rf24_net_msg_ping.cpp">
      <Filter>src\network\messaging</Filter>
    </ClCompile>
    <ClInclude Include="..\..\..\src\network\messaging\rf24_net_msg.hpp">
      <Filter>src\network\messaging</Filter>
    </ClInclude>
    <ClInclude Include="..\..\..\src\network\messaging\rf24_net_msg_ping.hpp">
      <Filter>src\network\messaging</Filter>
    </ClInclude>
    <ClCompile Include="..\..\..\src\network\path\net_path.cpp">
      <Filter>src\network\path</Filter>
    </ClCompile>
    <ClInclude Include="..\..\..\src\network\path\path.hpp">
      <Filter>src\network\path</Filter>
    </ClInclude>
    <ClCompile Include="..\..\..\src\network\processes\rf24_network_connection.cpp">
      <Filter>src\network\processes</Filter>
    </ClCompile>
    <ClCompile Include="..\..\..\src\network\processes\rf24_network_ping.cpp">
      <Filter>src\network\processes</Filter>
    </ClCompile>
    <ClInclude Include="..\..\..\src\network\processes\rf24_network_connection.hpp">
      <Filter>src\network\processes</Filter>
    </ClInclude>
    <ClInclude Include="..\..\..\src\network\processes\rf24_network_connection_internal.hpp">
      <Filter>src\network\processes</Filter>
    </ClInclude>
    <ClInclude Include="..\..\..\src\network\processes\rf24_network_ping.hpp">
      <Filter>src\network\processes</Filter>
    </ClInclude>
    <ClCompile Include="..\..\..\src\network\queue\net_queue.cpp">
      <Filter>src\network\queue</Filter>
    </ClCompile>
    <ClInclude Include="..\..\..\src\network\queue\queue.hpp">
      <Filter>src\network\queue</Filter>
    </ClInclude>
    <ClCompile Include="..\..\..\src\physical\physical.cpp">
      <Filter>src\physical</Filter>
    </ClCompile>
    <ClInclude Include="..\..\..\src\physical\physical.hpp">
      <Filter>src\physical</Filter>
    </ClInclude>
    <ClInclude Include="..\..\..\src\physical\types.hpp">
      <Filter>src\physical</Filter>
    </ClInclude>
    <ClCompile Include="..\..\..\src\physical\simulator\pipe.cpp">
      <Filter>src\physical\simulator</Filter>
    </ClCompile>
    <ClCompile Include="..\..\..\src\physical\simulator\shockburst.cpp">
      <Filter>src\physical\simulator</Filter>
    </ClCompile>
    <ClCompile Include="..\..\..\src\physical\simulator\sim_physical.cpp">
      <Filter>src\physical\simulator</Filter>
    </ClCompile>
    <ClInclude Include="..\..\..\src\physical\simulator\pipe.hpp">
      <Filter>src\physical\simulator</Filter>
    </ClInclude>
    <ClInclude Include="..\..\..\src\physical\simulator\pipe_types.hpp">
      <Filter>src\physical\simulator</Filter>
    </ClInclude>
    <ClInclude Include="..\..\..\src\physical\simulator\shockburst.hpp">
      <Filter>src\physical\simulator</Filter>
    </ClInclude>
    <ClInclude Include="..\..\..\src\physical\simulator\shockburst_types.hpp">
      <Filter>src\physical\simulator</Filter>
    </ClInclude>
    <ClInclude Include="..\..\..\src\physical\simulator\sim_physical.hpp">
      <Filter>src\physical\simulator</Filter>
    </ClInclude>
    <ClInclude Include="..\..\..\src\simulator\sim_definitions.hpp">
      <Filter>src\simulator</Filter>
    </ClInclude>
  </ItemGroup>
</Project>