<?xml version="1.0" encoding="utf-8"?>
<Project ToolsVersion="4.0" xmlns="http://schemas.microsoft.com/developer/msbuild/2003">
  <ItemGroup>
    <Filter Include="Resource Files">
      <UniqueIdentifier>{67DA6AB6-F800-4c08-8B7A-83BB121AAD01}</UniqueIdentifier>
      <Extensions>rc;ico;cur;bmp;dlg;rc2;rct;bin;rgs;gif;jpg;jpeg;jpe;resx;tiff;tif;png;wav;mfcribbon-ms</Extensions>
    </Filter>
    <Filter Include="common">
      <UniqueIdentifier>{f7f1d7d9-6a13-45b3-8b6c-7b09076701a8}</UniqueIdentifier>
    </Filter>
    <Filter Include="endpoint">
      <UniqueIdentifier>{ab822cad-5623-46ff-be9d-c1842ee0d081}</UniqueIdentifier>
    </Filter>
    <Filter Include="hardware">
      <UniqueIdentifier>{f67cb54c-7277-4385-8a4b-85e88cc83ee1}</UniqueIdentifier>
    </Filter>
    <Filter Include="interfaces">
      <UniqueIdentifier>{56cd7bc0-bcab-48e9-9fa7-50570c99c3e1}</UniqueIdentifier>
    </Filter>
    <Filter Include="mesh">
      <UniqueIdentifier>{27d266f4-fb07-46d4-83b1-a7c45ab40261}</UniqueIdentifier>
    </Filter>
    <Filter Include="network">
      <UniqueIdentifier>{29d4675e-ed69-4912-96a8-ae8e0e14be24}</UniqueIdentifier>
    </Filter>
    <Filter Include="physical">
      <UniqueIdentifier>{18a3538d-0fa5-42b5-9f83-2a51c10f5749}</UniqueIdentifier>
    </Filter>
    <Filter Include="simulator">
      <UniqueIdentifier>{15ed86db-6aa3-4d83-8e3b-a99bf8b9d88b}</UniqueIdentifier>
    </Filter>
    <Filter Include="physical\simulator">
      <UniqueIdentifier>{7a538262-fa50-408f-bc80-884f23e9bd7d}</UniqueIdentifier>
    </Filter>
    <Filter Include="network\frame">
      <UniqueIdentifier>{5a91dfb5-40cf-4884-a86e-0a1cfaf5d1ed}</UniqueIdentifier>
    </Filter>
    <Filter Include="network\path">
      <UniqueIdentifier>{964a2eb9-740d-403b-9c80-7be76cd5a769}</UniqueIdentifier>
    </Filter>
    <Filter Include="network\queue">
      <UniqueIdentifier>{1dfc5581-4041-4476-96e2-75b04e2b4dc7}</UniqueIdentifier>
    </Filter>
  </ItemGroup>
  <ItemGroup>
    <ClInclude Include="..\..\..\simulator\sim_definitions.hpp">
      <Filter>simulator</Filter>
    </ClInclude>
    <ClInclude Include="..\..\..\physical\physical.hpp">
      <Filter>physical</Filter>
    </ClInclude>
    <ClInclude Include="..\..\..\physical\types.hpp">
      <Filter>physical</Filter>
    </ClInclude>
    <ClInclude Include="..\..\..\physical\simulator\pipe.hpp">
      <Filter>physical\simulator</Filter>
    </ClInclude>
    <ClInclude Include="..\..\..\physical\simulator\pipe_types.hpp">
      <Filter>physical\simulator</Filter>
    </ClInclude>
    <ClInclude Include="..\..\..\physical\simulator\shockburst.hpp">
      <Filter>physical\simulator</Filter>
    </ClInclude>
    <ClInclude Include="..\..\..\physical\simulator\shockburst_types.hpp">
      <Filter>physical\simulator</Filter>
    </ClInclude>
    <ClInclude Include="..\..\..\physical\simulator\sim_physical.hpp">
      <Filter>physical\simulator</Filter>
    </ClInclude>
    <ClInclude Include="..\..\..\network\definitions.hpp">
      <Filter>network</Filter>
    </ClInclude>
    <ClInclude Include="..\..\..\network\network.hpp">
      <Filter>network</Filter>
    </ClInclude>
    <ClInclude Include="..\..\..\network\types.hpp">
      <Filter>network</Filter>
    </ClInclude>
    <ClInclude Include="..\..\..\network\queue\queue.hpp">
      <Filter>network\queue</Filter>
    </ClInclude>
    <ClInclude Include="..\..\..\network\frame\frame.hpp">
      <Filter>network\frame</Filter>
    </ClInclude>
    <ClInclude Include="..\..\..\network\frame\types.hpp">
      <Filter>network\frame</Filter>
    </ClInclude>
    <ClInclude Include="..\..\..\network\frame\definitions.hpp">
      <Filter>network\frame</Filter>
    </ClInclude>
    <ClInclude Include="..\..\..\network\path\path.hpp">
      <Filter>network\path</Filter>
    </ClInclude>
    <ClInclude Include="..\..\..\mesh\definitions.hpp">
      <Filter>mesh</Filter>
    </ClInclude>
    <ClInclude Include="..\..\..\mesh\mesh.hpp">
      <Filter>mesh</Filter>
    </ClInclude>
    <ClInclude Include="..\..\..\interfaces\endpoint_intf.hpp">
      <Filter>interfaces</Filter>
    </ClInclude>
    <ClInclude Include="..\..\..\interfaces\network_intf.hpp">
      <Filter>interfaces</Filter>
    </ClInclude>
    <ClInclude Include="..\..\..\interfaces\physical_intf.hpp">
      <Filter>interfaces</Filter>
    </ClInclude>
    <ClInclude Include="..\..\..\hardware\definitions.hpp">
      <Filter>hardware</Filter>
    </ClInclude>
    <ClInclude Include="..\..\..\hardware\driver.hpp">
      <Filter>hardware</Filter>
    </ClInclude>
    <ClInclude Include="..\..\..\hardware\register.hpp">
      <Filter>hardware</Filter>
    </ClInclude>
    <ClInclude Include="..\..\..\hardware\types.hpp">
      <Filter>hardware</Filter>
    </ClInclude>
    <ClInclude Include="..\..\..\endpoint\config.hpp">
      <Filter>endpoint</Filter>
    </ClInclude>
    <ClInclude Include="..\..\..\endpoint\connection.hpp">
      <Filter>endpoint</Filter>
    </ClInclude>
    <ClInclude Include="..\..\..\endpoint\endpoint.hpp">
      <Filter>endpoint</Filter>
    </ClInclude>
    <ClInclude Include="..\..\..\endpoint\fwd.hpp">
      <Filter>endpoint</Filter>
    </ClInclude>
    <ClInclude Include="..\..\..\endpoint\registration.hpp">
      <Filter>endpoint</Filter>
    </ClInclude>
    <ClInclude Include="..\..\..\endpoint\types.hpp">
      <Filter>endpoint</Filter>
    </ClInclude>
    <ClInclude Include="..\..\..\common\conversion.hpp">
      <Filter>common</Filter>
    </ClInclude>
    <ClInclude Include="..\..\..\common\definitions.hpp">
      <Filter>common</Filter>
    </ClInclude>
    <ClInclude Include="..\..\..\common\types.hpp">
      <Filter>common</Filter>
    </ClInclude>
    <ClInclude Include="..\..\..\common\utility.hpp">
      <Filter>common</Filter>
    </ClInclude>
  </ItemGroup>
  <ItemGroup>
    <None Include="..\..\..\physical\about.md">
      <Filter>physical</Filter>
    </None>
    <None Include="..\..\..\network\about.md">
      <Filter>network</Filter>
    </None>
    <None Include="..\..\..\mesh\about.md">
      <Filter>mesh</Filter>
    </None>
    <None Include="..\..\..\hardware\about.md">
      <Filter>hardware</Filter>
    </None>
  </ItemGroup>
  <ItemGroup>
    <ClCompile Include="..\..\..\physical\physical.cpp">
      <Filter>physical</Filter>
    </ClCompile>
    <ClCompile Include="..\..\..\physical\simulator\pipe.cpp">
      <Filter>physical\simulator</Filter>
    </ClCompile>
    <ClCompile Include="..\..\..\physical\simulator\shockburst.cpp">
      <Filter>physical\simulator</Filter>
    </ClCompile>
    <ClCompile Include="..\..\..\physical\simulator\sim_physical.cpp">
      <Filter>physical\simulator</Filter>
    </ClCompile>
    <ClCompile Include="..\..\..\network\network.cpp">
      <Filter>network</Filter>
    </ClCompile>
    <ClCompile Include="..\..\..\network\queue\net_queue.cpp">
      <Filter>network\queue</Filter>
    </ClCompile>
    <ClCompile Include="..\..\..\network\frame\frame.cpp">
      <Filter>network\frame</Filter>
    </ClCompile>
    <ClCompile Include="..\..\..\network\path\net_path.cpp">
      <Filter>network\path</Filter>
    </ClCompile>
    <ClCompile Include="..\..\..\mesh\mesh.cpp">
      <Filter>mesh</Filter>
    </ClCompile>
    <ClCompile Include="..\..\..\interfaces\endpoint_intf.cpp">
      <Filter>interfaces</Filter>
    </ClCompile>
    <ClCompile Include="..\..\..\hardware\driver.cpp">
      <Filter>hardware</Filter>
    </ClCompile>
    <ClCompile Include="..\..\..\endpoint\connection.cpp">
      <Filter>endpoint</Filter>
    </ClCompile>
    <ClCompile Include="..\..\..\endpoint\endpoint.cpp">
      <Filter>endpoint</Filter>
    </ClCompile>
    <ClCompile Include="..\..\..\endpoint\registration.cpp">
      <Filter>endpoint</Filter>
    </ClCompile>
    <ClCompile Include="..\..\..\common\conversion.cpp">
      <Filter>common</Filter>
    </ClCompile>
    <ClCompile Include="..\..\..\common\utility.cpp">
      <Filter>common</Filter>
    </ClCompile>
  </ItemGroup>
</Project>